
Microsoft Visual Studio Solution File, Format Version 12.00
# Visual Studio Version 17
VisualStudioVersion = 17.14.36811.4
MinimumVisualStudioVersion = 10.0.40219.1
Project("{FAE04EC0-301F-11D3-BF4B-00C04F79EFBC}") = "LocalAIChatWPF", "LocalAIChatWPF.csproj", "{3C240BC2-35EE-18CA-AD10-BCE9E3717E5D}"
EndProject
Global
	GlobalSection(SolutionConfigurationPlatforms) = preSolution
		Debug|Any CPU = Debug|Any CPU
		Release|Any CPU = Release|Any CPU
	EndGlobalSection
	GlobalSection(ProjectConfigurationPlatforms) = postSolution
		{3C240BC2-35EE-18CA-AD10-BCE9E3717E5D}.Debug|Any CPU.ActiveCfg = Debug|Any CPU
		{3C240BC2-35EE-18CA-AD10-BCE9E3717E5D}.Debug|Any CPU.Build.0 = Debug|Any CPU
		{3C240BC2-35EE-18CA-AD10-BCE9E3717E5D}.Release|Any CPU.ActiveCfg = Release|Any CPU
		{3C240BC2-35EE-18CA-AD10-BCE9E3717E5D}.Release|Any CPU.Build.0 = Release|Any CPU
	EndGlobalSection
	GlobalSection(SolutionProperties) = preSolution
		HideSolutionNode = FALSE
	EndGlobalSection
	GlobalSection(ExtensibilityGlobals) = postSolution
		SolutionGuid = {6DCF7EF4-197B-414E-8741-DBED5B3EB041}
	EndGlobalSection
EndGlobal
